[0m[1mdata.http.my_ip: Reading...[0m[0m
[0m[1mdata.http.my_ip: Read complete after 0s [id=https://icanhazip.com][0m

Terraform used the selected providers to generate the following execution
plan. Resource actions are indicated with the following symbols:
  [32m+[0m create[0m

Terraform will perform the following actions:

[1m  # aws_default_route_table.myapp_default_rt[0m will be created
[0m  [32m+[0m[0m resource "aws_default_route_table" "myapp_default_rt" {
      [32m+[0m[0m arn                    = (known after apply)
      [32m+[0m[0m default_route_table_id = (known after apply)
      [32m+[0m[0m id                     = (known after apply)
      [32m+[0m[0m owner_id               = (known after apply)
      [32m+[0m[0m route                  = [
          [32m+[0m[0m {
              [32m+[0m[0m cidr_block                 = "0.0.0.0/0"
              [32m+[0m[0m gateway_id                 = (known after apply)
                [90m# (10 unchanged attributes hidden)[0m[0m
            },
        ]
      [32m+[0m[0m tags                   = {
          [32m+[0m[0m "Name" = "dev-rt"
        }
      [32m+[0m[0m tags_all               = {
          [32m+[0m[0m "Name" = "dev-rt"
        }
      [32m+[0m[0m vpc_id                 = (known after apply)
    }

[1m  # aws_default_security_group.myapp_default_sg[0m will be created
[0m  [32m+[0m[0m resource "aws_default_security_group" "myapp_default_sg" {
      [32m+[0m[0m arn                    = (known after apply)
      [32m+[0m[0m description            = (known after apply)
      [32m+[0m[0m egress                 = [
          [32m+[0m[0m {
              [32m+[0m[0m cidr_blocks      = [
                  [32m+[0m[0m "0.0.0.0/0",
                ]
              [32m+[0m[0m from_port        = 0
              [32m+[0m[0m ipv6_cidr_blocks = []
              [32m+[0m[0m prefix_list_ids  = []
              [32m+[0m[0m protocol         = "-1"
              [32m+[0m[0m security_groups  = []
              [32m+[0m[0m self             = false
              [32m+[0m[0m to_port          = 0
                [90m# (1 unchanged attribute hidden)[0m[0m
            },
        ]
      [32m+[0m[0m id                     = (known after apply)
      [32m+[0m[0m ingress                = [
          [32m+[0m[0m {
              [32m+[0m[0m cidr_blocks      = [
                  [32m+[0m[0m "0.0.0.0/0",
                ]
              [32m+[0m[0m from_port        = 443
              [32m+[0m[0m ipv6_cidr_blocks = []
              [32m+[0m[0m prefix_list_ids  = []
              [32m+[0m[0m protocol         = "tcp"
              [32m+[0m[0m security_groups  = []
              [32m+[0m[0m self             = false
              [32m+[0m[0m to_port          = 443
                [90m# (1 unchanged attribute hidden)[0m[0m
            },
          [32m+[0m[0m {
              [32m+[0m[0m cidr_blocks      = [
                  [32m+[0m[0m "0.0.0.0/0",
                ]
              [32m+[0m[0m from_port        = 80
              [32m+[0m[0m ipv6_cidr_blocks = []
              [32m+[0m[0m prefix_list_ids  = []
              [32m+[0m[0m protocol         = "tcp"
              [32m+[0m[0m security_groups  = []
              [32m+[0m[0m self             = false
              [32m+[0m[0m to_port          = 80
                [90m# (1 unchanged attribute hidden)[0m[0m
            },
          [32m+[0m[0m {
              [32m+[0m[0m cidr_blocks      = [
                  [32m+[0m[0m "4.240.39.194/32",
                ]
              [32m+[0m[0m from_port        = 22
              [32m+[0m[0m ipv6_cidr_blocks = []
              [32m+[0m[0m prefix_list_ids  = []
              [32m+[0m[0m protocol         = "tcp"
              [32m+[0m[0m security_groups  = []
              [32m+[0m[0m self             = false
              [32m+[0m[0m to_port          = 22
                [90m# (1 unchanged attribute hidden)[0m[0m
            },
        ]
      [32m+[0m[0m name                   = (known after apply)
      [32m+[0m[0m name_prefix            = (known after apply)
      [32m+[0m[0m owner_id               = (known after apply)
      [32m+[0m[0m revoke_rules_on_delete = false
      [32m+[0m[0m tags                   = {
          [32m+[0m[0m "Name" = "dev-default-sg"
        }
      [32m+[0m[0m tags_all               = {
          [32m+[0m[0m "Name" = "dev-default-sg"
        }
      [32m+[0m[0m vpc_id                 = (known after apply)
    }

[1m  # aws_instance.myapp_instance[0m will be created
[0m  [32m+[0m[0m resource "aws_instance" "myapp_instance" {
      [32m+[0m[0m ami                                  = "ami-003651a04a3c417b7"
      [32m+[0m[0m arn                                  = (known after apply)
      [32m+[0m[0m associate_public_ip_address          = true
      [32m+[0m[0m availability_zone                    = "me-central-1a"
      [32m+[0m[0m cpu_core_count                       = (known after apply)
      [32m+[0m[0m cpu_threads_per_core                 = (known after apply)
      [32m+[0m[0m disable_api_stop                     = (known after apply)
      [32m+[0m[0m disable_api_termination              = (known after apply)
      [32m+[0m[0m ebs_optimized                        = (known after apply)
      [32m+[0m[0m enable_primary_ipv6                  = (known after apply)
      [32m+[0m[0m get_password_data                    = false
      [32m+[0m[0m host_id                              = (known after apply)
      [32m+[0m[0m host_resource_group_arn              = (known after apply)
      [32m+[0m[0m iam_instance_profile                 = (known after apply)
      [32m+[0m[0m id                                   = (known after apply)
      [32m+[0m[0m instance_initiated_shutdown_behavior = (known after apply)
      [32m+[0m[0m instance_lifecycle                   = (known after apply)
      [32m+[0m[0m instance_state                       = (known after apply)
      [32m+[0m[0m instance_type                        = "t3.micro"
      [32m+[0m[0m ipv6_address_count                   = (known after apply)
      [32m+[0m[0m ipv6_addresses                       = (known after apply)
      [32m+[0m[0m key_name                             = "serverkey"
      [32m+[0m[0m monitoring                           = (known after apply)
      [32m+[0m[0m outpost_arn                          = (known after apply)
      [32m+[0m[0m password_data                        = (known after apply)
      [32m+[0m[0m placement_group                      = (known after apply)
      [32m+[0m[0m placement_partition_number           = (known after apply)
      [32m+[0m[0m primary_network_interface_id         = (known after apply)
      [32m+[0m[0m private_dns                          = (known after apply)
      [32m+[0m[0m private_ip                           = (known after apply)
      [32m+[0m[0m public_dns                           = (known after apply)
      [32m+[0m[0m public_ip                            = (known after apply)
      [32m+[0m[0m secondary_private_ips                = (known after apply)
      [32m+[0m[0m security_groups                      = (known after apply)
      [32m+[0m[0m source_dest_check                    = true
      [32m+[0m[0m spot_instance_request_id             = (known after apply)
      [32m+[0m[0m subnet_id                            = (known after apply)
      [32m+[0m[0m tags                                 = {
          [32m+[0m[0m "Name" = "dev-ec2-instance"
        }
      [32m+[0m[0m tags_all                             = {
          [32m+[0m[0m "Name" = "dev-ec2-instance"
        }
      [32m+[0m[0m tenancy                              = (known after apply)
      [32m+[0m[0m user_data                            = "bd5eb80b44c8723a40f689088401474e3cbbbbc3"
      [32m+[0m[0m user_data_base64                     = (known after apply)
      [32m+[0m[0m user_data_replace_on_change          = false
      [32m+[0m[0m vpc_security_group_ids               = (known after apply)

      [32m+[0m[0m capacity_reservation_specification (known after apply)

      [32m+[0m[0m cpu_options (known after apply)

      [32m+[0m[0m ebs_block_device (known after apply)

      [32m+[0m[0m enclave_options (known after apply)

      [32m+[0m[0m ephemeral_block_device (known after apply)

      [32m+[0m[0m instance_market_options (known after apply)

      [32m+[0m[0m maintenance_options (known after apply)

      [32m+[0m[0m metadata_options (known after apply)

      [32m+[0m[0m network_interface (known after apply)

      [32m+[0m[0m private_dns_name_options (known after apply)

      [32m+[0m[0m root_block_device (known after apply)
    }

[1m  # aws_internet_gateway.myapp_igw[0m will be created
[0m  [32m+[0m[0m resource "aws_internet_gateway" "myapp_igw" {
      [32m+[0m[0m arn      = (known after apply)
      [32m+[0m[0m id       = (known after apply)
      [32m+[0m[0m owner_id = (known after apply)
      [32m+[0m[0m tags     = {
          [32m+[0m[0m "Name" = "dev-igw"
        }
      [32m+[0m[0m tags_all = {
          [32m+[0m[0m "Name" = "dev-igw"
        }
      [32m+[0m[0m vpc_id   = (known after apply)
    }

[1m  # aws_key_pair.serverkey[0m will be created
[0m  [32m+[0m[0m resource "aws_key_pair" "serverkey" {
      [32m+[0m[0m arn             = (known after apply)
      [32m+[0m[0m fingerprint     = (known after apply)
      [32m+[0m[0m id              = (known after apply)
      [32m+[0m[0m key_name        = "serverkey"
      [32m+[0m[0m key_name_prefix = (known after apply)
      [32m+[0m[0m key_pair_id     = (known after apply)
      [32m+[0m[0m key_type        = (known after apply)
      [32m+[0m[0m public_key      = "ssh-ed25519 AAAAC3NzaC1lZDI1NTE5AAAAIHFqU6gv1+oXbuJR9lUs1eitMlhTGg0kC6thMvj8qWgz terraform-key"
      [32m+[0m[0m tags_all        = (known after apply)
    }

[1m  # aws_subnet.myapp_subnet[0m will be created
[0m  [32m+[0m[0m resource "aws_subnet" "myapp_subnet" {
      [32m+[0m[0m arn                                            = (known after apply)
      [32m+[0m[0m assign_ipv6_address_on_creation                = false
      [32m+[0m[0m availability_zone                              = "me-central-1a"
      [32m+[0m[0m availability_zone_id                           = (known after apply)
      [32m+[0m[0m cidr_block                                     = "10.0.10.0/24"
      [32m+[0m[0m enable_dns64                                   = false
      [32m+[0m[0m enable_resource_name_dns_a_record_on_launch    = false
      [32m+[0m[0m enable_resource_name_dns_aaaa_record_on_launch = false
      [32m+[0m[0m id                                             = (known after apply)
      [32m+[0m[0m ipv6_cidr_block_association_id                 = (known after apply)
      [32m+[0m[0m ipv6_native                                    = false
      [32m+[0m[0m map_public_ip_on_launch                        = false
      [32m+[0m[0m owner_id                                       = (known after apply)
      [32m+[0m[0m private_dns_hostname_type_on_launch            = (known after apply)
      [32m+[0m[0m tags                                           = {
          [32m+[0m[0m "Name" = "dev-subnet-1"
        }
      [32m+[0m[0m tags_all                                       = {
          [32m+[0m[0m "Name" = "dev-subnet-1"
        }
      [32m+[0m[0m vpc_id                                         = (known after apply)
    }

[1m  # aws_vpc.myapp_vpc[0m will be created
[0m  [32m+[0m[0m resource "aws_vpc" "myapp_vpc" {
      [32m+[0m[0m arn                                  = (known after apply)
      [32m+[0m[0m cidr_block                           = "10.0.0.0/16"
      [32m+[0m[0m default_network_acl_id               = (known after apply)
      [32m+[0m[0m default_route_table_id               = (known after apply)
      [32m+[0m[0m default_security_group_id            = (known after apply)
      [32m+[0m[0m dhcp_options_id                      = (known after apply)
      [32m+[0m[0m enable_dns_hostnames                 = (known after apply)
      [32m+[0m[0m enable_dns_support                   = true
      [32m+[0m[0m enable_network_address_usage_metrics = (known after apply)
      [32m+[0m[0m id                                   = (known after apply)
      [32m+[0m[0m instance_tenancy                     = "default"
      [32m+[0m[0m ipv6_association_id                  = (known after apply)
      [32m+[0m[0m ipv6_cidr_block                      = (known after apply)
      [32m+[0m[0m ipv6_cidr_block_network_border_group = (known after apply)
      [32m+[0m[0m main_route_table_id                  = (known after apply)
      [32m+[0m[0m owner_id                             = (known after apply)
      [32m+[0m[0m tags                                 = {
          [32m+[0m[0m "Name" = "dev-vpc"
        }
      [32m+[0m[0m tags_all                             = {
          [32m+[0m[0m "Name" = "dev-vpc"
        }
    }

[1mPlan:[0m [0m7 to add, 0 to change, 0 to destroy.

Changes to Outputs:
  [32m+[0m[0m ec2_public_ip = (known after apply)
  [32m+[0m[0m instance_id   = (known after apply)
  [32m+[0m[0m subnet_id     = (known after apply)
  [32m+[0m[0m vpc_id        = (known after apply)
[0m[1maws_vpc.myapp_vpc: Creating...[0m[0m
[0m[1maws_key_pair.serverkey: Creating...[0m[0m
[0m[1maws_key_pair.serverkey: Creation complete after 1s [id=serverkey][0m
[0m[1maws_vpc.myapp_vpc: Creation complete after 2s [id=vpc-089a384d2461aae9a][0m
[0m[1maws_subnet.myapp_subnet: Creating...[0m[0m
[0m[1maws_internet_gateway.myapp_igw: Creating...[0m[0m
[0m[1maws_default_security_group.myapp_default_sg: Creating...[0m[0m
[0m[1maws_subnet.myapp_subnet: Creation complete after 1s [id=subnet-001a7fd71c3f85dda][0m
[0m[1maws_internet_gateway.myapp_igw: Creation complete after 1s [id=igw-08d0a350459fe4083][0m
[0m[1maws_default_route_table.myapp_default_rt: Creating...[0m[0m
[0m[1maws_default_route_table.myapp_default_rt: Creation complete after 2s [id=rtb-0fc823c6f961cd5bc][0m
[0m[1maws_default_security_group.myapp_default_sg: Creation complete after 4s [id=sg-05ce0af9f2424d41c][0m
[0m[1maws_instance.myapp_instance: Creating...[0m[0m
[31m╷[0m[0m
[31m│[0m [0m[1m[31mError: [0m[0m[1mcreating EC2 Instance: operation error EC2: RunInstances, https response error StatusCode: 400, RequestID: 4e73b999-5ceb-4a7b-9470-dca8b3b9f3da, api error InvalidParameterValue: The architecture 'x86_64' of the specified instance type does not match the architecture 'arm64' of the specified AMI. Specify an instance type and an AMI that have matching architectures, and try again. You can use 'describe-instance-types' or 'describe-images' to discover the architecture of the instance type or AMI.[0m
[31m│[0m [0m
[31m│[0m [0m[0m  with aws_instance.myapp_instance,
[31m│[0m [0m  on main.tf line 131, in resource "aws_instance" "myapp_instance":
[31m│[0m [0m 131: resource "aws_instance" "myapp_instance" [4m{[0m[0m
[31m│[0m [0m
[31m╵[0m[0m
